
Microsoft Visual Studio Solution File, Format Version 12.00
# Visual Studio Version 17
VisualStudioVersion = 17.14.36121.58 d17.14
MinimumVisualStudioVersion = 10.0.40219.1
Project("{FAE04EC0-301F-11D3-BF4B-00C04F79EFBC}") = "APKS installer", "APKS installer.csproj", "{84CEB8E3-8C4B-4147-AF61-5B9F2DC91586}"
EndProject
Global
	GlobalSection(SolutionConfigurationPlatforms) = preSolution
		Debug|Any CPU = Debug|Any CPU
		Release|Any CPU = Release|Any CPU
	EndGlobalSection
	GlobalSection(ProjectConfigurationPlatforms) = postSolution
		{84CEB8E3-8C4B-4147-AF61-5B9F2DC91586}.Debug|Any CPU.ActiveCfg = Debug|Any CPU
		{84CEB8E3-8C4B-4147-AF61-5B9F2DC91586}.Debug|Any CPU.Build.0 = Debug|Any CPU
		{84CEB8E3-8C4B-4147-AF61-5B9F2DC91586}.Release|Any CPU.ActiveCfg = Release|Any CPU
		{84CEB8E3-8C4B-4147-AF61-5B9F2DC91586}.Release|Any CPU.Build.0 = Release|Any CPU
	EndGlobalSection
	GlobalSection(SolutionProperties) = preSolution
		HideSolutionNode = FALSE
	EndGlobalSection
	GlobalSection(ExtensibilityGlobals) = postSolution
		SolutionGuid = {1353D7B5-CADA-4FC5-85BA-6D7BF001E345}
	EndGlobalSection
EndGlobal
